Microsoft Visual Studio Solution File, Format Version 12.00
# Visual Studio 2012
Project("{FAE04EC0-301F-11D3-BF4B-00C04F79EFBC}") = "MinaTD", "MinaTD.csproj", "{CBCADDB7-FCA8-4F39-ACAF-FA3706CA882A}"
EndProject
Global
	GlobalSection(SolutionConfigurationPlatforms) = preSolution
	Debug|Any CPU = Debug|Any CPU
	ExportDebug|Any CPU = ExportDebug|Any CPU
	ExportRelease|Any CPU = ExportRelease|Any CPU
	EndGlobalSection
	GlobalSection(ProjectConfigurationPlatforms) = postSolution
		{CBCADDB7-FCA8-4F39-ACAF-FA3706CA882A}.Debug|Any CPU.ActiveCfg = Debug|Any CPU
		{CBCADDB7-FCA8-4F39-ACAF-FA3706CA882A}.Debug|Any CPU.Build.0 = Debug|Any CPU
		{CBCADDB7-FCA8-4F39-ACAF-FA3706CA882A}.ExportDebug|Any CPU.ActiveCfg = ExportDebug|Any CPU
		{CBCADDB7-FCA8-4F39-ACAF-FA3706CA882A}.ExportDebug|Any CPU.Build.0 = ExportDebug|Any CPU
		{CBCADDB7-FCA8-4F39-ACAF-FA3706CA882A}.ExportRelease|Any CPU.ActiveCfg = ExportRelease|Any CPU
		{CBCADDB7-FCA8-4F39-ACAF-FA3706CA882A}.ExportRelease|Any CPU.Build.0 = ExportRelease|Any CPU
	EndGlobalSection
EndGlobal
