Microsoft Visual Studio Solution File, Format Version 12.00
# Visual Studio 2012
Project("{FAE04EC0-301F-11D3-BF4B-00C04F79EFBC}") = "DodgeTheCreeps", "DodgeTheCreeps.csproj", "{97955465-18A6-425F-B049-E789DD7EA30E}"
EndProject
Global
	GlobalSection(SolutionConfigurationPlatforms) = preSolution
	Debug|Any CPU = Debug|Any CPU
	ExportDebug|Any CPU = ExportDebug|Any CPU
	ExportRelease|Any CPU = ExportRelease|Any CPU
	EndGlobalSection
	GlobalSection(ProjectConfigurationPlatforms) = postSolution
		{97955465-18A6-425F-B049-E789DD7EA30E}.Debug|Any CPU.ActiveCfg = Debug|Any CPU
		{97955465-18A6-425F-B049-E789DD7EA30E}.Debug|Any CPU.Build.0 = Debug|Any CPU
		{97955465-18A6-425F-B049-E789DD7EA30E}.ExportDebug|Any CPU.ActiveCfg = ExportDebug|Any CPU
		{97955465-18A6-425F-B049-E789DD7EA30E}.ExportDebug|Any CPU.Build.0 = ExportDebug|Any CPU
		{97955465-18A6-425F-B049-E789DD7EA30E}.ExportRelease|Any CPU.ActiveCfg = ExportRelease|Any CPU
		{97955465-18A6-425F-B049-E789DD7EA30E}.ExportRelease|Any CPU.Build.0 = ExportRelease|Any CPU
	EndGlobalSection
EndGlobal
